
Microsoft Visual Studio Solution File, Format Version 12.00
# Visual Studio Version 16
VisualStudioVersion = 16.0.32802.440
MinimumVisualStudioVersion = 10.0.40219.1
Project("{FAE04EC0-301F-11D3-BF4B-00C04F79EFBC}") = "PhysPlatformProject", "PhysPlatformProject\PhysPlatformProject.csproj", "{2370CFC6-F464-44E9-AE30-1AD9576024A5}"
EndProject
Project("{FAE04EC0-301F-11D3-BF4B-00C04F79EFBC}") = "PhysPlatformProject.DomainModels", "ClassLibrary1\PhysPlatformProject.DomainModels.csproj", "{BA44F3AA-0DAD-4586-9E82-91F544A064A1}"
EndProject
Project("{FAE04EC0-301F-11D3-BF4B-00C04F79EFBC}") = "PhysPlatformProject.Repositories", "ClassLibrary2\PhysPlatformProject.Repositories.csproj", "{A5DB8EA5-DC9E-4F96-9872-E422F70EF260}"
EndProject
Project("{FAE04EC0-301F-11D3-BF4B-00C04F79EFBC}") = "PhysPlatformProject.ServiceLayer", "ClassLibrary3\PhysPlatformProject.ServiceLayer.csproj", "{C3DBA989-41FA-4F7F-9C78-F4F063478DB1}"
EndProject
Project("{FAE04EC0-301F-11D3-BF4B-00C04F79EFBC}") = "PhysPlatformProject.ViewModels", "ClassLibrary4\PhysPlatformProject.ViewModels.csproj", "{1FBC05A4-C44F-4443-9E89-2D0987699CD2}"
EndProject
Global
	GlobalSection(SolutionConfigurationPlatforms) = preSolution
		Debug|Any CPU = Debug|Any CPU
		Release|Any CPU = Release|Any CPU
	EndGlobalSection
	GlobalSection(ProjectConfigurationPlatforms) = postSolution
		{2370CFC6-F464-44E9-AE30-1AD9576024A5}.Debug|Any CPU.ActiveCfg = Debug|Any CPU
		{2370CFC6-F464-44E9-AE30-1AD9576024A5}.Debug|Any CPU.Build.0 = Debug|Any CPU
		{2370CFC6-F464-44E9-AE30-1AD9576024A5}.Release|Any CPU.ActiveCfg = Release|Any CPU
		{2370CFC6-F464-44E9-AE30-1AD9576024A5}.Release|Any CPU.Build.0 = Release|Any CPU
		{BA44F3AA-0DAD-4586-9E82-91F544A064A1}.Debug|Any CPU.ActiveCfg = Debug|Any CPU
		{BA44F3AA-0DAD-4586-9E82-91F544A064A1}.Debug|Any CPU.Build.0 = Debug|Any CPU
		{BA44F3AA-0DAD-4586-9E82-91F544A064A1}.Release|Any CPU.ActiveCfg = Release|Any CPU
		{BA44F3AA-0DAD-4586-9E82-91F544A064A1}.Release|Any CPU.Build.0 = Release|Any CPU
		{A5DB8EA5-DC9E-4F96-9872-E422F70EF260}.Debug|Any CPU.ActiveCfg = Debug|Any CPU
		{A5DB8EA5-DC9E-4F96-9872-E422F70EF260}.Debug|Any CPU.Build.0 = Debug|Any CPU
		{A5DB8EA5-DC9E-4F96-9872-E422F70EF260}.Release|Any CPU.ActiveCfg = Release|Any CPU
		{A5DB8EA5-DC9E-4F96-9872-E422F70EF260}.Release|Any CPU.Build.0 = Release|Any CPU
		{C3DBA989-41FA-4F7F-9C78-F4F063478DB1}.Debug|Any CPU.ActiveCfg = Debug|Any CPU
		{C3DBA989-41FA-4F7F-9C78-F4F063478DB1}.Debug|Any CPU.Build.0 = Debug|Any CPU
		{C3DBA989-41FA-4F7F-9C78-F4F063478DB1}.Release|Any CPU.ActiveCfg = Release|Any CPU
		{C3DBA989-41FA-4F7F-9C78-F4F063478DB1}.Release|Any CPU.Build.0 = Release|Any CPU
		{1FBC05A4-C44F-4443-9E89-2D0987699CD2}.Debug|Any CPU.ActiveCfg = Debug|Any CPU
		{1FBC05A4-C44F-4443-9E89-2D0987699CD2}.Debug|Any CPU.Build.0 = Debug|Any CPU
		{1FBC05A4-C44F-4443-9E89-2D0987699CD2}.Release|Any CPU.ActiveCfg = Release|Any CPU
		{1FBC05A4-C44F-4443-9E89-2D0987699CD2}.Release|Any CPU.Build.0 = Release|Any CPU
	EndGlobalSection
	GlobalSection(SolutionProperties) = preSolution
		HideSolutionNode = FALSE
	EndGlobalSection
	GlobalSection(ExtensibilityGlobals) = postSolution
		SolutionGuid = {3A0C507F-8048-4EAA-A847-04E978834B23}
	EndGlobalSection
EndGlobal
